
Microsoft Visual Studio Solution File, Format Version 12.00
# Visual Studio Version 16
VisualStudioVersion = 16.0.29306.81
MinimumVisualStudioVersion = 10.0.40219.1
Project("{FAE04EC0-301F-11D3-BF4B-00C04F79EFBC}") = "VentaDeRevistasMontecarlo", "VentaDeRevistasMontecarlo.csproj", "{3499F502-96EF-4D87-82A3-C9561887AEEA}"
EndProject
Global
	GlobalSection(SolutionConfigurationPlatforms) = preSolution
		Debug|Any CPU = Debug|Any CPU
		Release|Any CPU = Release|Any CPU
	EndGlobalSection
	GlobalSection(ProjectConfigurationPlatforms) = postSolution
		{3499F502-96EF-4D87-82A3-C9561887AEEA}.Debug|Any CPU.ActiveCfg = Debug|Any CPU
		{3499F502-96EF-4D87-82A3-C9561887AEEA}.Debug|Any CPU.Build.0 = Debug|Any CPU
		{3499F502-96EF-4D87-82A3-C9561887AEEA}.Release|Any CPU.ActiveCfg = Release|Any CPU
		{3499F502-96EF-4D87-82A3-C9561887AEEA}.Release|Any CPU.Build.0 = Release|Any CPU
	EndGlobalSection
	GlobalSection(SolutionProperties) = preSolution
		HideSolutionNode = FALSE
	EndGlobalSection
	GlobalSection(ExtensibilityGlobals) = postSolution
		SolutionGuid = {1F1CAC2A-F053-437F-B369-928D6EBAF592}
	EndGlobalSection
EndGlobal
